
Microsoft Visual Studio Solution File, Format Version 12.00
# Visual Studio Version 16
VisualStudioVersion = 16.0.31702.278
MinimumVisualStudioVersion = 10.0.40219.1
Project("{FAE04EC0-301F-11D3-BF4B-00C04F79EFBC}") = "ViaCEPConsulta", "ViaCEPConsulta.csproj", "{92813308-AAD2-406F-8AB9-AC373DE955A4}"
EndProject
Global
	GlobalSection(SolutionConfigurationPlatforms) = preSolution
		Debug|Any CPU = Debug|Any CPU
		Release|Any CPU = Release|Any CPU
	EndGlobalSection
	GlobalSection(ProjectConfigurationPlatforms) = postSolution
		{92813308-AAD2-406F-8AB9-AC373DE955A4}.Debug|Any CPU.ActiveCfg = Debug|Any CPU
		{92813308-AAD2-406F-8AB9-AC373DE955A4}.Debug|Any CPU.Build.0 = Debug|Any CPU
		{92813308-AAD2-406F-8AB9-AC373DE955A4}.Release|Any CPU.ActiveCfg = Release|Any CPU
		{92813308-AAD2-406F-8AB9-AC373DE955A4}.Release|Any CPU.Build.0 = Release|Any CPU
	EndGlobalSection
	GlobalSection(SolutionProperties) = preSolution
		HideSolutionNode = FALSE
	EndGlobalSection
	GlobalSection(ExtensibilityGlobals) = postSolution
		SolutionGuid = {0BCCF78B-4A9D-4B86-961B-80546D2D6469}
	EndGlobalSection
EndGlobal
